
Microsoft Visual Studio Solution File, Format Version 12.00
# Visual Studio Version 17
VisualStudioVersion = 17.14.35821.62 d17.14
MinimumVisualStudioVersion = 10.0.40219.1
Project("{FAE04EC0-301F-11D3-BF4B-00C04F79EFBC}") = "ZapatosAlmacenApp", "ZapatosAlmacenApp\ZapatosAlmacenApp.csproj", "{2635AD35-AB65-4317-A8FF-6899DF2D9865}"
EndProject
Global
	GlobalSection(SolutionConfigurationPlatforms) = preSolution
		Debug|Any CPU = Debug|Any CPU
		Release|Any CPU = Release|Any CPU
	EndGlobalSection
	GlobalSection(ProjectConfigurationPlatforms) = postSolution
		{2635AD35-AB65-4317-A8FF-6899DF2D9865}.Debug|Any CPU.ActiveCfg = Debug|Any CPU
		{2635AD35-AB65-4317-A8FF-6899DF2D9865}.Debug|Any CPU.Build.0 = Debug|Any CPU
		{2635AD35-AB65-4317-A8FF-6899DF2D9865}.Release|Any CPU.ActiveCfg = Release|Any CPU
		{2635AD35-AB65-4317-A8FF-6899DF2D9865}.Release|Any CPU.Build.0 = Release|Any CPU
	EndGlobalSection
	GlobalSection(SolutionProperties) = preSolution
		HideSolutionNode = FALSE
	EndGlobalSection
	GlobalSection(ExtensibilityGlobals) = postSolution
		SolutionGuid = {285037E3-AFC7-415E-9C29-C92342557F9B}
	EndGlobalSection
EndGlobal
